
Microsoft Visual Studio Solution File, Format Version 12.00
# Visual Studio Version 16
VisualStudioVersion = 16.0.30907.101
MinimumVisualStudioVersion = 10.0.40219.1
Project("{FAE04EC0-301F-11D3-BF4B-00C04F79EFBC}") = "SpaceObjects", "SpaceObjects\SpaceObjects.csproj", "{CBCEE60E-F8FB-4284-BEDB-ABBF110B45F0}"
EndProject
Project("{FAE04EC0-301F-11D3-BF4B-00C04F79EFBC}") = "Astronomy", "Astronomy\Astronomy.csproj", "{12ED4794-5FEA-49E6-A46B-45F537BCB83B}"
EndProject
Global
	GlobalSection(SolutionConfigurationPlatforms) = preSolution
		Debug|Any CPU = Debug|Any CPU
		Release|Any CPU = Release|Any CPU
	EndGlobalSection
	GlobalSection(ProjectConfigurationPlatforms) = postSolution
		{CBCEE60E-F8FB-4284-BEDB-ABBF110B45F0}.Debug|Any CPU.ActiveCfg = Debug|Any CPU
		{CBCEE60E-F8FB-4284-BEDB-ABBF110B45F0}.Debug|Any CPU.Build.0 = Debug|Any CPU
		{CBCEE60E-F8FB-4284-BEDB-ABBF110B45F0}.Release|Any CPU.ActiveCfg = Release|Any CPU
		{CBCEE60E-F8FB-4284-BEDB-ABBF110B45F0}.Release|Any CPU.Build.0 = Release|Any CPU
		{12ED4794-5FEA-49E6-A46B-45F537BCB83B}.Debug|Any CPU.ActiveCfg = Debug|Any CPU
		{12ED4794-5FEA-49E6-A46B-45F537BCB83B}.Debug|Any CPU.Build.0 = Debug|Any CPU
		{12ED4794-5FEA-49E6-A46B-45F537BCB83B}.Release|Any CPU.ActiveCfg = Release|Any CPU
		{12ED4794-5FEA-49E6-A46B-45F537BCB83B}.Release|Any CPU.Build.0 = Release|Any CPU
	EndGlobalSection
	GlobalSection(SolutionProperties) = preSolution
		HideSolutionNode = FALSE
	EndGlobalSection
	GlobalSection(ExtensibilityGlobals) = postSolution
		SolutionGuid = {D0BB3D27-F6E9-4734-B477-C7221BF3EDC7}
	EndGlobalSection
EndGlobal
